<?xml version="1.0" encoding="utf-8"?>
<Project ToolsVersion="17.0" xmlns="http://schemas.microsoft.com/developer/msbuild/2003">
  <ItemGroup>
    <CustomBuild Include="C:\Users\Jubal\opendnp3\build\_deps\asio-subbuild\CMakeFiles\6abb6a31ce2c18fa1b9533de209961b4\generate.stamp.rule">
      <Filter>CMake Rules</Filter>
    </CustomBuild>
  </ItemGroup>
  <ItemGroup>
    <Filter Include="CMake Rules">
      <UniqueIdentifier>{02399646-64D4-3F25-99E6-F47E49BA6495}</UniqueIdentifier>
    </Filter>
  </ItemGroup>
</Project>
