<?xml version="1.0" encoding="utf-8"?>
<Project ToolsVersion="17.0" xmlns="http://schemas.microsoft.com/developer/msbuild/2003">
  <ItemGroup>
    <CustomBuild Include="C:\Users\Jubal\opendnp3\build\_deps\ser4cpp-subbuild\CMakeFiles\e84c4b748a18d05dcbc9473b97ef0851\generate.stamp.rule">
      <Filter>CMake Rules</Filter>
    </CustomBuild>
  </ItemGroup>
  <ItemGroup>
    <Filter Include="CMake Rules">
      <UniqueIdentifier>{646DAB03-AB46-3261-86D8-8D6C327A0300}</UniqueIdentifier>
    </Filter>
  </ItemGroup>
</Project>
